
Microsoft Visual Studio Solution File, Format Version 10.00
# Visual Studio 2008
Project("{FAE04EC0-301F-11D3-BF4B-00C04F79EFBC}") = "EasyDev", "..\SQMS\EasyDev\EasyDev.csproj", "{A18AA3B5-C973-4193-8421-82D191C8966D}"
EndProject
Global
	GlobalSection(SolutionConfigurationPlatforms) = preSolution
		Debug|Any CPU = Debug|Any CPU
		Release|Any CPU = Release|Any CPU
	EndGlobalSection
	GlobalSection(ProjectConfigurationPlatforms) = postSolution
		{A18AA3B5-C973-4193-8421-82D191C8966D}.Debug|Any CPU.ActiveCfg = Debug|Any CPU
		{A18AA3B5-C973-4193-8421-82D191C8966D}.Debug|Any CPU.Build.0 = Debug|Any CPU
		{A18AA3B5-C973-4193-8421-82D191C8966D}.Release|Any CPU.ActiveCfg = Release|Any CPU
		{A18AA3B5-C973-4193-8421-82D191C8966D}.Release|Any CPU.Build.0 = Release|Any CPU
	EndGlobalSection
	GlobalSection(SolutionProperties) = preSolution
		HideSolutionNode = FALSE
	EndGlobalSection
EndGlobal
